// !$*UTF8*$!
{
	archiveVersion = 1;
	classes = {
	};
	objectVersion = 46;
	objects = {

/* Begin PBXBuildFile section */
		8F3095381F47F510008C0421 /* AppDelegate.swift in Sources */ = {isa = PBXBuildFile; fileRef = 8F3095371F47F510008C0421 /* AppDelegate.swift */; };
		8F30953A1F47F510008C0421 /* ViewController.swift in Sources */ = {isa = PBXBuildFile; fileRef = 8F3095391F47F510008C0421 /* ViewController.swift */; };
		8F30953D1F47F510008C0421 /* Main.storyboard in Resources */ = {isa = PBXBuildFile; fileRef = 8F30953B1F47F510008C0421 /* Main.storyboard */; };
		8F30953F1F47F510008C0421 /* Assets.xcassets in Resources */ = {isa = PBXBuildFile; fileRef = 8F30953E1F47F510008C0421 /* Assets.xcassets */; };
		8F3095421F47F510008C0421 /* LaunchScreen.storyboard in Resources */ = {isa = PBXBuildFile; fileRef = 8F3095401F47F510008C0421 /* LaunchScreen.storyboard */; };
		8F30954A1F47F58F008C0421 /* PopUpViewController.swift in Sources */ = {isa = PBXBuildFile; fileRef = 8F3095491F47F58F008C0421 /* PopUpViewController.swift */; };
		E658EA8A418FB1E464717795 /* Pods_PopUp.framework in Frameworks */ = {isa = PBXBuildFile; fileRef = 39EB789E450EF93E037A4814 /* Pods_PopUp.framework */; };
/* End PBXBuildFile section */

/* Begin PBXFileReference section */
		39EB789E450EF93E037A4814 /* Pods_PopUp.framework */ = {isa = PBXFileReference; explicitFileType = wrapper.framework; includeInIndex = 0; path = Pods_PopUp.framework; sourceTree = BUILT_PRODUCTS_DIR; };
		8F3095341F47F510008C0421 /* PopUp.app */ = {isa = PBXFileReference; explicitFileType = wrapper.application; includeInIndex = 0; path = PopUp.app; sourceTree = BUILT_PRODUCTS_DIR; };
		8F3095371F47F510008C0421 /* AppDelegate.swift */ = {isa = PBXFileReference; lastKnownFileType = sourcecode.swift; path = AppDelegate.swift; sourceTree = "<group>"; };
		8F3095391F47F510008C0421 /* ViewController.swift */ = {isa = PBXFileReference; lastKnownFileType = sourcecode.swift; path = ViewController.swift; sourceTree = "<group>"; };
		8F30953C1F47F510008C0421 /* Base */ = {isa = PBXFileReference; lastKnownFileType = file.storyboard; name = Base; path = Base.lproj/Main.storyboard; sourceTree = "<group>"; };
		8F30953E1F47F510008C0421 /* Assets.xcassets */ = {isa = PBXFileReference; lastKnownFileType = folder.assetcatalog; path = Assets.xcassets; sourceTree = "<group>"; };
		8F3095411F47F510008C0421 /* Base */ = {isa = PBXFileReference; lastKnownFileType = file.storyboard; name = Base; path = Base.lproj/LaunchScreen.storyboard; sourceTree = "<group>"; };
		8F3095431F47F510008C0421 /* Info.plist */ = {isa = PBXFileReference; lastKnownFileType = text.plist.xml; path = Info.plist; sourceTree = "<group>"; };
		8F3095491F47F58F008C0421 /* PopUpViewController.swift */ = {isa = PBXFileReference; fileEncoding = 4; lastKnownFileType = sourcecode.swift; path = PopUpViewController.swift; sourceTree = "<group>"; };
		DB49CCE01071EE881596F732 /* Pods-PopUp.release.xcconfig */ = {isa = PBXFileReference; includeInIndex = 1; lastKnownFileType = text.xcconfig; name = "Pods-PopUp.release.xcconfig"; path = "Pods/Target Support Files/Pods-PopUp/Pods-PopUp.release.xcconfig"; sourceTree = "<group>"; };
		DF7ED1ECCF260E3FB5D841CE /* Pods-PopUp.debug.xcconfig */ = {isa = PBXFileReference; includeInIndex = 1; lastKnownFileType = text.xcconfig; name = "Pods-PopUp.debug.xcconfig"; path = "Pods/Target Support Files/Pods-PopUp/Pods-PopUp.debug.xcconfig"; sourceTree = "<group>"; };
/* End PBXFileReference section */

/* Begin PBXFrameworksBuildPhase section */
		8F3095311F47F510008C0421 /* Frameworks */ = {
			isa = PBXFrameworksBuildPhase;
			buildActionMask = 2147483647;
			files = (
				E658EA8A418FB1E464717795 /* Pods_PopUp.framework in Frameworks */,
			);
			runOnlyForDeploymentPostprocessing = 0;
		};
/* End PBXFrameworksBuildPhase section */

/* Begin PBXGroup section */
		2C2A1BD4EB16320B9BF233B7 /* Frameworks */ = {
			isa = PBXGroup;
			children = (
				39EB789E450EF93E037A4814 /* Pods_PopUp.framework */,
			);
			name = Frameworks;
			sourceTree = "<group>";
		};
		8F30952B1F47F510008C0421 = {
			isa = PBXGroup;
			children = (
				8F3095361F47F510008C0421 /* PopUp */,
				8F3095351F47F510008C0421 /* Products */,
				D6CE25321B7D622CC0CB6F4D /* Pods */,
				2C2A1BD4EB16320B9BF233B7 /* Frameworks */,
			);
			sourceTree = "<group>";
		};
		8F3095351F47F510008C0421 /* Products */ = {
			isa = PBXGroup;
			children = (
				8F3095341F47F510008C0421 /* PopUp.app */,
			);
			name = Products;
			sourceTree = "<group>";
		};
		8F3095361F47F510008C0421 /* PopUp */ = {
			isa = PBXGroup;
			children = (
				8F3095371F47F510008C0421 /* AppDelegate.swift */,
				8F3095391F47F510008C0421 /* ViewController.swift */,
				8F3095491F47F58F008C0421 /* PopUpViewController.swift */,
				8F30953B1F47F510008C0421 /* Main.storyboard */,
				8F30953E1F47F510008C0421 /* Assets.xcassets */,
				8F3095401F47F510008C0421 /* LaunchScreen.storyboard */,
				8F3095431F47F510008C0421 /* Info.plist */,
			);
			path = PopUp;
			sourceTree = "<group>";
		};
		D6CE25321B7D622CC0CB6F4D /* Pods */ = {
			isa = PBXGroup;
			children = (
				DF7ED1ECCF260E3FB5D841CE /* Pods-PopUp.debug.xcconfig */,
				DB49CCE01071EE881596F732 /* Pods-PopUp.release.xcconfig */,
			);
			name = Pods;
			sourceTree = "<group>";
		};
/* End PBXGroup section */

/* Begin PBXNativeTarget section */
		8F3095331F47F510008C0421 /* PopUp */ = {
			isa = PBXNativeTarget;
			buildConfigurationList = 8F3095461F47F510008C0421 /* Build configuration list for PBXNativeTarget "PopUp" */;
			buildPhases = (
				D7CE75F35FB9DB375A28069C /* [CP] Check Pods Manifest.lock */,
				8F3095301F47F510008C0421 /* Sources */,
				8F3095311F47F510008C0421 /* Frameworks */,
				8F3095321F47F510008C0421 /* Resources */,
				E79F506813C3D6099542B033 /* [CP] Embed Pods Frameworks */,
				2173716CDF70F61941CCB983 /* [CP] Copy Pods Resources */,
			);
			buildRules = (
			);
			dependencies = (
			);
			name = PopUp;
			productName = PopUp;
			productReference = 8F3095341F47F510008C0421 /* PopUp.app */;
			productType = "com.apple.product-type.application";
		};
/* End PBXNativeTarget section */

/* Begin PBXProject section */
		8F30952C1F47F510008C0421 /* Project object */ = {
			isa = PBXProject;
			attributes = {
				LastSwiftUpdateCheck = 0830;
				LastUpgradeCheck = 0830;
				ORGANIZATIONNAME = "Anirudha Mahale";
				TargetAttributes = {
					8F3095331F47F510008C0421 = {
						CreatedOnToolsVersion = 8.3.3;
						ProvisioningStyle = Automatic;
					};
				};
			};
			buildConfigurationList = 8F30952F1F47F510008C0421 /* Build configuration list for PBXProject "PopUp" */;
			compatibilityVersion = "Xcode 3.2";
			developmentRegion = English;
			hasScannedForEncodings = 0;
			knownRegions = (
				en,
				Base,
			);
			mainGroup = 8F30952B1F47F510008C0421;
			productRefGroup = 8F3095351F47F510008C0421 /* Products */;
			projectDirPath = "";
			projectRoot = "";
			targets = (
				8F3095331F47F510008C0421 /* PopUp */,
			);
		};
/* End PBXProject section */

/* Begin PBXResourcesBuildPhase section */
		8F3095321F47F510008C0421 /* Resources */ = {
			isa = PBXResourcesBuildPhase;
			buildActionMask = 2147483647;
			files = (
				8F3095421F47F510008C0421 /* LaunchScreen.storyboard in Resources */,
				8F30953F1F47F510008C0421 /* Assets.xcassets in Resources */,
				8F30953D1F47F510008C0421 /* Main.storyboard in Resources */,
			);
			runOnlyForDeploymentPostprocessing = 0;
		};
/* End PBXResourcesBuildPhase section */

/* Begin PBXShellScriptBuildPhase section */
		2173716CDF70F61941CCB983 /* [CP] Copy Pods Resources */ = {
			isa = PBXShellScriptBuildPhase;
			buildActionMask = 2147483647;
			files = (
			);
			inputPaths = (
			);
			name = "[CP] Copy Pods Resources";
			outputPaths = (
			);
			runOnlyForDeploymentPostprocessing = 0;
			shellPath = /bin/sh;
			shellScript = "\"${SRCROOT}/Pods/Target Support Files/Pods-PopUp/Pods-PopUp-resources.sh\"\n";
			showEnvVarsInLog = 0;
		};
		D7CE75F35FB9DB375A28069C /* [CP] Check Pods Manifest.lock */ = {
			isa = PBXShellScriptBuildPhase;
			buildActionMask = 2147483647;
			files = (
			);
			inputPaths = (
			);
			name = "[CP] Check Pods Manifest.lock";
			outputPaths = (
			);
			runOnlyForDeploymentPostprocessing = 0;
			shellPath = /bin/sh;
			shellScript = "diff \"${PODS_PODFILE_DIR_PATH}/Podfile.lock\" \"${PODS_ROOT}/Manifest.lock\" > /dev/null\nif [ $? != 0 ] ; then\n    # print error to STDERR\n    echo \"error: The sandbox is not in sync with the Podfile.lock. Run 'pod install' or update your CocoaPods installation.\" >&2\n    exit 1\nfi\n";
			showEnvVarsInLog = 0;
		};
		E79F506813C3D6099542B033 /* [CP] Embed Pods Frameworks */ = {
			isa = PBXShellScriptBuildPhase;
			buildActionMask = 2147483647;
			files = (
			);
			inputPaths = (
			);
			name = "[CP] Embed Pods Frameworks";
			outputPaths = (
			);
			runOnlyForDeploymentPostprocessing = 0;
			shellPath = /bin/sh;
			shellScript = "\"${SRCROOT}/Pods/Target Support Files/Pods-PopUp/Pods-PopUp-frameworks.sh\"\n";
			showEnvVarsInLog = 0;
		};
/* End PBXShellScriptBuildPhase section */

/* Begin PBXSourcesBuildPhase section */
		8F3095301F47F510008C0421 /* Sources */ = {
			isa = PBXSourcesBuildPhase;
			buildActionMask = 2147483647;
			files = (
				8F30953A1F47F510008C0421 /* ViewController.swift in Sources */,
				8F30954A1F47F58F008C0421 /* PopUpViewController.swift in Sources */,
				8F3095381F47F510008C0421 /* AppDelegate.swift in Sources */,
			);
			runOnlyForDeploymentPostprocessing = 0;
		};
/* End PBXSourcesBuildPhase section */

/* Begin PBXVariantGroup section */
		8F30953B1F47F510008C0421 /* Main.storyboard */ = {
			isa = PBXVariantGroup;
			children = (
				8F30953C1F47F510008C0421 /* Base */,
			);
			name = Main.storyboard;
			sourceTree = "<group>";
		};
		8F3095401F47F510008C0421 /* LaunchScreen.storyboard */ = {
			isa = PBXVariantGroup;
			children = (
				8F3095411F47F510008C0421 /* Base */,
			);
			name = LaunchScreen.storyboard;
			sourceTree = "<group>";
		};
/* End PBXVariantGroup section */

/* Begin XCBuildConfiguration section */
		8F3095441F47F510008C0421 /* Debug */ = {
			isa = XCBuildConfiguration;
			buildSettings = {
				ALWAYS_SEARCH_USER_PATHS = NO;
				CLANG_ANALYZER_NONNULL = YES;
				CLANG_ANALYZER_NUMBER_OBJECT_CONVERSION = YES_AGGRESSIVE;
				CLANG_CXX_LANGUAGE_STANDARD = "gnu++0x";
				CLANG_CXX_LIBRARY = "libc++";
				CLANG_ENABLE_MODULES = YES;
				CLANG_ENABLE_OBJC_ARC = YES;
				CLANG_WARN_BOOL_CONVERSION = YES;
				CLANG_WARN_CONSTANT_CONVERSION = YES;
				CLANG_WARN_DIRECT_OBJC_ISA_USAGE = YES_ERROR;
				CLANG_WARN_DOCUMENTATION_COMMENTS = YES;
				CLANG_WARN_EMPTY_BODY = YES;
				CLANG_WARN_ENUM_CONVERSION = YES;
				CLANG_WARN_INFINITE_RECURSION = YES;
				CLANG_WARN_INT_CONVERSION = YES;
				CLANG_WARN_OBJC_ROOT_CLASS = YES_ERROR;
				CLANG_WARN_SUSPICIOUS_MOVE = YES;
				CLANG_WARN_UNREACHABLE_CODE = YES;
				CLANG_WARN__DUPLICATE_METHOD_MATCH = YES;
				"CODE_SIGN_IDENTITY[sdk=iphoneos*]" = "iPhone Developer";
				COPY_PHASE_STRIP = NO;
				DEBUG_INFORMATION_FORMAT = dwarf;
				ENABLE_STRICT_OBJC_MSGSEND = YES;
				ENABLE_TESTABILITY = YES;
				GCC_C_LANGUAGE_STANDARD = gnu99;
				GCC_DYNAMIC_NO_PIC = NO;
				GCC_NO_COMMON_BLOCKS = YES;
				GCC_OPTIMIZATION_LEVEL = 0;
				GCC_PREPROCESSOR_DEFINITIONS = (
					"DEBUG=1",
					"$(inherited)",
				);
				GCC_WARN_64_TO_32_BIT_CONVERSION = YES;
				GCC_WARN_ABOUT_RETURN_TYPE = YES_ERROR;
				GCC_WARN_UNDECLARED_SELECTOR = YES;
				GCC_WARN_UNINITIALIZED_AUTOS = YES_AGGRESSIVE;
				GCC_WARN_UNUSED_FUNCTION = YES;
				GCC_WARN_UNUSED_VARIABLE = YES;
				IPHONEOS_DEPLOYMENT_TARGET = 10.3;
				MTL_ENABLE_DEBUG_INFO = YES;
				ONLY_ACTIVE_ARCH = YES;
				SDKROOT = iphoneos;
				SWIFT_ACTIVE_COMPILATION_CONDITIONS = DEBUG;
				SWIFT_OPTIMIZATION_LEVEL = "-Onone";
				TARGETED_DEVICE_FAMILY = "1,2";
			};
			name = Debug;
		};
		8F3095451F47F510008C0421 /* Release */ = {
			isa = XCBuildConfiguration;
			buildSettings = {
				ALWAYS_SEARCH_USER_PATHS = NO;
				CLANG_ANALYZER_NONNULL = YES;
				CLANG_ANALYZER_NUMBER_OBJECT_CONVERSION = YES_AGGRESSIVE;
				CLANG_CXX_LANGUAGE_STANDARD = "gnu++0x";
				CLANG_CXX_LIBRARY = "libc++";
				CLANG_ENABLE_MODULES = YES;
				CLANG_ENABLE_OBJC_ARC = YES;
				CLANG_WARN_BOOL_CONVERSION = YES;
				CLANG_WARN_CONSTANT_CONVERSION = YES;
				CLANG_WARN_DIRECT_OBJC_ISA_USAGE = YES_ERROR;
				CLANG_WARN_DOCUMENTATION_COMMENTS = YES;
				CLANG_WARN_EMPTY_BODY = YES;
				CLANG_WARN_ENUM_CONVERSION = YES;
				CLANG_WARN_INFINITE_RECURSION = YES;
				CLANG_WARN_INT_CONVERSION = YES;
				CLANG_WARN_OBJC_ROOT_CLASS = YES_ERROR;
				CLANG_WARN_SUSPICIOUS_MOVE = YES;
				CLANG_WARN_UNREACHABLE_CODE = YES;
				CLANG_WARN__DUPLICATE_METHOD_MATCH = YES;
				"CODE_SIGN_IDENTITY[sdk=iphoneos*]" = "iPhone Developer";
				COPY_PHASE_STRIP = NO;
				DEBUG_INFORMATION_FORMAT = "dwarf-with-dsym";
				ENABLE_NS_ASSERTIONS = NO;
				ENABLE_STRICT_OBJC_MSGSEND = YES;
				GCC_C_LANGUAGE_STANDARD = gnu99;
				GCC_NO_COMMON_BLOCKS = YES;
				GCC_WARN_64_TO_32_BIT_CONVERSION = YES;
				GCC_WARN_ABOUT_RETURN_TYPE = YES_ERROR;
				GCC_WARN_UNDECLARED_SELECTOR = YES;
				GCC_WARN_UNINITIALIZED_AUTOS = YES_AGGRESSIVE;
				GCC_WARN_UNUSED_FUNCTION = YES;
				GCC_WARN_UNUSED_VARIABLE = YES;
				IPHONEOS_DEPLOYMENT_TARGET = 10.3;
				MTL_ENABLE_DEBUG_INFO = NO;
				SDKROOT = iphoneos;
				SWIFT_OPTIMIZATION_LEVEL = "-Owholemodule";
				TARGETED_DEVICE_FAMILY = "1,2";
				VALIDATE_PRODUCT = YES;
			};
			name = Release;
		};
		8F3095471F47F510008C0421 /* Debug */ = {
			isa = XCBuildConfiguration;
			baseConfigurationReference = DF7ED1ECCF260E3FB5D841CE /* Pods-PopUp.debug.xcconfig */;
			buildSettings = {
				ASSETCATALOG_COMPILER_APPICON_NAME = AppIcon;
				INFOPLIST_FILE = PopUp/Info.plist;
				LD_RUNPATH_SEARCH_PATHS = "$(inherited) @executable_path/Frameworks";
				PRODUCT_BUNDLE_IDENTIFIER = com.letsappit.PopUp;
				PRODUCT_NAME = "$(TARGET_NAME)";
				SWIFT_VERSION = 3.0;
			};
			name = Debug;
		};
		8F3095481F47F510008C0421 /* Release */ = {
			isa = XCBuildConfiguration;
			baseConfigurationReference = DB49CCE01071EE881596F732 /* Pods-PopUp.release.xcconfig */;
			buildSettings = {
				ASSETCATALOG_COMPILER_APPICON_NAME = AppIcon;
				INFOPLIST_FILE = PopUp/Info.plist;
				LD_RUNPATH_SEARCH_PATHS = "$(inherited) @executable_path/Frameworks";
				PRODUCT_BUNDLE_IDENTIFIER = com.letsappit.PopUp;
				PRODUCT_NAME = "$(TARGET_NAME)";
				SWIFT_VERSION = 3.0;
			};
			name = Release;
		};
/* End XCBuildConfiguration section */

/* Begin XCConfigurationList section */
		8F30952F1F47F510008C0421 /* Build configuration list for PBXProject "PopUp" */ = {
			isa = XCConfigurationList;
			buildConfigurations = (
				8F3095441F47F510008C0421 /* Debug */,
				8F3095451F47F510008C0421 /* Release */,
			);
			defaultConfigurationIsVisible = 0;
			defaultConfigurationName = Release;
		};
		8F3095461F47F510008C0421 /* Build configuration list for PBXNativeTarget "PopUp" */ = {
			isa = XCConfigurationList;
			buildConfigurations = (
				8F3095471F47F510008C0421 /* Debug */,
				8F3095481F47F510008C0421 /* Release */,
			);
			defaultConfigurationIsVisible = 0;
		};
/* End XCConfigurationList section */
	};
	rootObject = 8F30952C1F47F510008C0421 /* Project object */;
}
